
Microsoft Visual Studio Solution File, Format Version 12.00
# Visual Studio Version 17
VisualStudioVersion = 17.3.32929.385
MinimumVisualStudioVersion = 10.0.40219.1
Project("{FAE04EC0-301F-11D3-BF4B-00C04F79EFBC}") = "FindPerfectSubString", "FindPerfectSubString\FindPerfectSubString.csproj", "{0C5B65CB-B2D9-46E9-9F67-E8C19F0AB9A5}"
EndProject
Global
	GlobalSection(SolutionConfigurationPlatforms) = preSolution
		Debug|Any CPU = Debug|Any CPU
		Release|Any CPU = Release|Any CPU
	EndGlobalSection
	GlobalSection(ProjectConfigurationPlatforms) = postSolution
		{0C5B65CB-B2D9-46E9-9F67-E8C19F0AB9A5}.Debug|Any CPU.ActiveCfg = Debug|Any CPU
		{0C5B65CB-B2D9-46E9-9F67-E8C19F0AB9A5}.Debug|Any CPU.Build.0 = Debug|Any CPU
		{0C5B65CB-B2D9-46E9-9F67-E8C19F0AB9A5}.Release|Any CPU.ActiveCfg = Release|Any CPU
		{0C5B65CB-B2D9-46E9-9F67-E8C19F0AB9A5}.Release|Any CPU.Build.0 = Release|Any CPU
	EndGlobalSection
	GlobalSection(SolutionProperties) = preSolution
		HideSolutionNode = FALSE
	EndGlobalSection
	GlobalSection(ExtensibilityGlobals) = postSolution
		SolutionGuid = {7878AC98-13D3-463F-8DE5-FCFCE3183337}
	EndGlobalSection
EndGlobal
